{
    "_meta": {
        "hash": {
            "sha256": "1087ff79286eb7ff20a7ede469e64fc6c594bd398ff506210e3fac627b07d868"
        },
        "host-environment-markers": {
            "implementation_name": "cpython",
            "implementation_version": "0",
            "os_name": "posix",
            "platform_machine": "x86_64",
            "platform_python_implementation": "CPython",
            "platform_release": "4.4.0-53-generic",
            "platform_system": "Linux",
            "platform_version": "#74-Ubuntu SMP Fri Dec 2 15:59:10 UTC 2016",
            "python_full_version": "2.7.12",
            "python_version": "2.7",
            "sys_platform": "linux2"
        },
        "pipfile-spec": 6,
        "requires": {
            "python_full_version": "2.7.14"
        },
        "sources": [
            {
                "name": "pypi",
                "url": "https://pypi.python.org/simple",
                "verify_ssl": true
            }
        ]
    },
    "default": {
        "braintree": {
            "hashes": [
                "sha256:9b0bb290c3ff9c7bd25fe5081613d4382cf4b5a1bcd2a83cf678f4672b126de2"
            ],
            "version": "==3.25.0"
        },
        "defusedxml": {
            "hashes": [
                "sha256:cd551d5a518b745407635bb85116eb813818ecaf182e773c35b36239fc3f2478",
                "sha256:1f7e2f6546caba6a52bcd6a6087df60c1cc63cdbc0d9ca3e5d517adcb5823d0c"
            ],
            "version": "==0.4.1"
        },
        "dj-database-url": {
            "hashes": [
                "sha256:858312abb7b330ea875733a65806a36ad04d7b8451c6ce8835118a2fa10d6870"
            ],
            "version": "==0.4.0"
        },
        "django": {
            "hashes": [
                "sha256:e4aa221fc52f32074f295fc81486e54d35fe176284d6a19c8bf9acaeddd058b4",
                "sha256:e54667ad305a29f5895f14108127cc79dabebce2e80c7c6cf852a6495de26aa6"
            ],
            "version": "==1.9.5"
        },
        "gunicorn": {
            "hashes": [
                "sha256:c57f1b005a4b90933303c8deed9bedeb509331aa6a0a990023a5796e52bd8988",
                "sha256:53b58044764ad79d732af18c580b1a54b724adf4d290ec19c4ca78ab22a1ee0d"
            ],
            "version": "==19.4.5"
        },
        "oauthlib": {
            "hashes": [
                "sha256:ef4bfe4663ca3b97a995860c0173b967ebd98033d02f38c9e1b2cbb6c191d9ad"
            ],
            "version": "==1.0.3"
        },
        "psycopg2": {
            "hashes": [
                "sha256:594aa9a095de16614f703d759e10c018bdffeafce2921b8e80a0e8a0ebbc12e5",
                "sha256:1cf5d84290c771eeecb734abe2c6c3120e9837eb12f99474141a862b9061ac51",
                "sha256:0344b181e1aea37a58c218ccb0f0f771295de9aa25a625ed076e6996c6530f9e",
                "sha256:25250867a4cd1510fb755ef9cb38da3065def999d8e92c44e49a39b9b76bc893",
                "sha256:317612d5d0ca4a9f7e42afb2add69b10be360784d21ce4ecfbca19f1f5eadf43",
                "sha256:9d6266348b15b4a48623bf4d3e50445d8e581da413644f365805b321703d0fac",
                "sha256:ddca39cc55877653b5fcf59976d073e3d58c7c406ef54ae8e61ddf8782867182",
                "sha256:988d2ec7560d42ef0ac34b3b97aad14c4f068792f00e1524fa1d3749fe4e4b64",
                "sha256:7a9c6c62e6e05df5406e9b5235c31c376a22620ef26715a663cee57083b3c2ea",
                "sha256:7a75565181e75ba0b9fb174b58172bf6ea9b4331631cfe7bafff03f3641f5d73",
                "sha256:94e4128ba1ea56f02522fffac65520091a9de3f5c00da31539e085e13db4771b",
                "sha256:92179bd68c2efe72924a99b6745a9172471931fc296f9bfdf9645b75eebd6344",
                "sha256:b9358e203168fef7bfe9f430afaed3a2a624717a1d19c7afa7dfcbd76e3cd95c",
                "sha256:009e0bc09a57dbef4b601cb8b46a2abad51f5274c8be4bba276ff2884cd4cc53",
                "sha256:d3ac07240e2304181ffdb13c099840b5eb555efc7be9344503c0c03aa681de79",
                "sha256:40fa5630cd7d237cd93c4d4b64b9e5ed9273d1cfce55241c7f9066f5db70629d",
                "sha256:6c2f1a76a9ebd9ecf7825b9e20860139ca502c2bf1beabf6accf6c9e66a7e0c3",
                "sha256:37f54452c7787dbdc0a634ca9773362b91709917f0b365ed14b831f03cbd34ba",
                "sha256:8f5942a4daf1ffac42109dc4a72f786af4baa4fa702ede1d7c57b4b696c2e7d6",
                "sha256:bf708455cd1e9fa96c05126e89a0c59b200d086c7df7bbafc7d9be769e4149a3",
                "sha256:82c40ea3ac1555e0462803380609fbe8b26f52620f3d4f8eb480cfd8ceed8a14",
                "sha256:207ba4f9125a0a4200691e82d5eee7ea1485708eabe99a07fc7f08696fae62f4",
                "sha256:0cd4c848f0e9d805d531e44973c8f48962e20eb7fc0edac3db4f9dbf9ed5ab82",
                "sha256:57baf63aeb2965ca4b52613ce78e968b6d2bde700c97f6a7e8c6c236b51ab83e",
                "sha256:2954557393cfc9a5c11a5199c7a78cd9c0c793a047552d27b1636da50d013916",
                "sha256:7c31dade89634807196a6b20ced831fbd5bec8a21c4e458ea950c9102c3aa96f",
                "sha256:1286dd16d0e46d59fa54582725986704a7a3f3d9aca6c5902a7eceb10c60cb7e",
                "sha256:697ff63bc5451e0b0db48ad205151123d25683b3754198be7ab5fcb44334e519",
                "sha256:fc993c9331d91766d54757bbc70231e29d5ceb2d1ac08b1570feaa0c38ab9582",
                "sha256:9d64fed2681552ed642e9c0cc831a9e95ab91de72b47d0cb68b5bf506ba88647",
                "sha256:5c3213be557d0468f9df8fe2487eaf2990d9799202c5ff5cb8d394d09fad9b2a"
            ],
            "version": "==2.7.3.2"
        },
        "pyjwt": {
            "hashes": [
                "sha256:a16cab0651d99a196903e4652159837562f0453ee58bbad9eacc9d3b00feb019",
                "sha256:e1b2386cfad541445b1d43e480b02ca37ec57259fd1a23e79415b57ba5d8a694"
            ],
            "version": "==1.4.0"
        },
        "python-openid": {
            "hashes": [
                "sha256:92c51c3ecec846cbec4aeff11f9ff47303d4a63f93b0e6ac0ec02a091fed70ef",
                "sha256:c2d133e47e0a7705c9272eef00d7a09c174f5bf17a127fed8e2c6499556cc782"
            ],
            "version": "==2.2.5"
        },
        "python-social-auth": {
            "hashes": [
                "sha256:5b21a2ff5270669b4d315e87bc08edb3d201c76e46198c05abd5f28354a7f633",
                "sha256:963ddf0fcf4203f05597bc4b69935c55e283405a50830d45b973863588750463",
                "sha256:9e90901ab6905b1ea4b410d41a3b9dca6a3a849bf99f9bde6b327054fb9e6434"
            ],
            "version": "==0.2.14"
        },
        "python3-openid": {
            "hashes": [
                "sha256:0086da6b6ef3161cfe50fb1ee5cceaf2cda1700019fda03c2c5c440ca6abe4fa",
                "sha256:628d365d687e12da12d02c6691170f4451db28d6d68d050007e4a40065868502"
            ],
            "version": "==3.1.0"
        },
        "requests": {
            "hashes": [
                "sha256:113fbba5531a9e34945b7d36b33a084e8ba5d0664b703c81a7c572d91919a5b8",
                "sha256:c577815dd00f1394203fc44eb979724b098f88264a9ef898ee45b8e5e9cf587f"
            ],
            "version": "==2.9.1"
        },
        "requests-oauthlib": {
            "hashes": [
                "sha256:7c708e8e2a4aa6a905cf91f28420d75db37270e0ec8fc951915c098dd8bde53e",
                "sha256:905306080ec0cc6b3c65c8101f471fccfdb9994c16dd116524fd3fc0790d46d7"
            ],
            "version": "==0.6.1"
        },
        "six": {
            "hashes": [
                "sha256:832dc0e10feb1aa2c68dcc57dbb658f1c7e65b9b61af69048abc87a2db00a0eb",
                "sha256:70e8a77beed4562e7f14fe23a786b54f6296e34344c23bc42f07b15018ff98e9"
            ],
            "version": "==1.11.0"
        },
        "whitenoise": {
            "hashes": [
                "sha256:2537cf2b0c12e1c8beaa23605076344a89d08b686592abffddb6ba13b284a8c6",
                "sha256:bfa7a05d1429b0e452d757b00feb9f866b58a18201bd3567e0b6d597dce7a3f3"
            ],
            "version": "==3.0"
        }
    },
    "develop": {}
}
